
Microsoft Visual Studio Solution File, Format Version 12.00
# Visual Studio 15
VisualStudioVersion = 15.0.27130.2024
MinimumVisualStudioVersion = 10.0.40219.1
Project("{9A19103F-16F7-4668-BE54-9A1E7A4F7556}") = "AADv2BotAuthentication", "authbot\AADv2BotAuthentication.csproj", "{B10B6D50-CA08-4E1C-8212-B7BD38A94688}"
EndProject
Global
	GlobalSection(SolutionConfigurationPlatforms) = preSolution
		Debug|Any CPU = Debug|Any CPU
		Release|Any CPU = Release|Any CPU
	EndGlobalSection
	GlobalSection(ProjectConfigurationPlatforms) = postSolution
		{B10B6D50-CA08-4E1C-8212-B7BD38A94688}.Debug|Any CPU.ActiveCfg = Debug|Any CPU
		{B10B6D50-CA08-4E1C-8212-B7BD38A94688}.Debug|Any CPU.Build.0 = Debug|Any CPU
		{B10B6D50-CA08-4E1C-8212-B7BD38A94688}.Release|Any CPU.ActiveCfg = Release|Any CPU
		{B10B6D50-CA08-4E1C-8212-B7BD38A94688}.Release|Any CPU.Build.0 = Release|Any CPU
	EndGlobalSection
	GlobalSection(SolutionProperties) = preSolution
		HideSolutionNode = FALSE
	EndGlobalSection
	GlobalSection(ExtensibilityGlobals) = postSolution
		SolutionGuid = {50C192F6-AFB3-4E94-875E-F61A9BE90D60}
	EndGlobalSection
EndGlobal
